// !$*UTF8*$!
{
	archiveVersion = 1;
	classes = {
	};
	objectVersion = 55;
	objects = {

/* Begin PBXBuildFile section */
		33069F1629DBCE5800617A00 /* DetailImageViewModel.swift in Sources */ = {isa = PBXBuildFile; fileRef = 33069F1529DBCE5800617A00 /* DetailImageViewModel.swift */; };
		33069F1B29DC1B8800617A00 /* PhotosViewController.swift in Sources */ = {isa = PBXBuildFile; fileRef = 33069F1A29DC1B8800617A00 /* PhotosViewController.swift */; };
		33069F1E29DC2D0900617A00 /* PhotosViewModel.swift in Sources */ = {isa = PBXBuildFile; fileRef = 33069F1D29DC2D0900617A00 /* PhotosViewModel.swift */; };
		33069F2229DC2DBA00617A00 /* PhotosCollectionViewCell.swift in Sources */ = {isa = PBXBuildFile; fileRef = 33069F2129DC2DBA00617A00 /* PhotosCollectionViewCell.swift */; };
		330904142A37495300BCEB79 /* RegisterViewModel.swift in Sources */ = {isa = PBXBuildFile; fileRef = 330904132A37495300BCEB79 /* RegisterViewModel.swift */; };
		330904162A3753FD00BCEB79 /* Toast.swift in Sources */ = {isa = PBXBuildFile; fileRef = 330904152A3753FD00BCEB79 /* Toast.swift */; };
		330904182A37545500BCEB79 /* Optional+Extensions.swift in Sources */ = {isa = PBXBuildFile; fileRef = 330904172A37545500BCEB79 /* Optional+Extensions.swift */; };
		3309BC072A36AB28002D7034 /* ProgressHub+Rx.swift in Sources */ = {isa = PBXBuildFile; fileRef = 3309BC062A36AB28002D7034 /* ProgressHub+Rx.swift */; };
		3309BC092A36AB59002D7034 /* ErrorTracker.swift in Sources */ = {isa = PBXBuildFile; fileRef = 3309BC082A36AB59002D7034 /* ErrorTracker.swift */; };
		3309BC0B2A36AB74002D7034 /* ActivityIndicator.swift in Sources */ = {isa = PBXBuildFile; fileRef = 3309BC0A2A36AB74002D7034 /* ActivityIndicator.swift */; };
		331034212A3F264000ECB040 /* HomeViewController.swift in Sources */ = {isa = PBXBuildFile; fileRef = 3310341F2A3F264000ECB040 /* HomeViewController.swift */; };
		331034222A3F264000ECB040 /* HomeViewController.xib in Resources */ = {isa = PBXBuildFile; fileRef = 331034202A3F264000ECB040 /* HomeViewController.xib */; };
		331534DA29D5446A00100006 /* AppDelegate.swift in Sources */ = {isa = PBXBuildFile; fileRef = 331534D929D5446A00100006 /* AppDelegate.swift */; };
		331534DC29D5446A00100006 /* SceneDelegate.swift in Sources */ = {isa = PBXBuildFile; fileRef = 331534DB29D5446A00100006 /* SceneDelegate.swift */; };
		331534E129D5446A00100006 /* Main.storyboard in Resources */ = {isa = PBXBuildFile; fileRef = 331534DF29D5446A00100006 /* Main.storyboard */; };
		331534E329D5446B00100006 /* Assets.xcassets in Resources */ = {isa = PBXBuildFile; fileRef = 331534E229D5446B00100006 /* Assets.xcassets */; };
		331534E629D5446B00100006 /* LaunchScreen.storyboard in Resources */ = {isa = PBXBuildFile; fileRef = 331534E429D5446B00100006 /* LaunchScreen.storyboard */; };
		3315354829D5471000100006 /* ConversationModel.swift in Sources */ = {isa = PBXBuildFile; fileRef = 3315354529D5471000100006 /* ConversationModel.swift */; };
		3315354929D5471000100006 /* MessageModel.swift in Sources */ = {isa = PBXBuildFile; fileRef = 3315354629D5471000100006 /* MessageModel.swift */; };
		3315354A29D5471000100006 /* UserModel.swift in Sources */ = {isa = PBXBuildFile; fileRef = 3315354729D5471000100006 /* UserModel.swift */; };
		3315357829D5472500100006 /* UserDefaultManager.swift in Sources */ = {isa = PBXBuildFile; fileRef = 3315354C29D5472500100006 /* UserDefaultManager.swift */; };
		3315357B29D5472500100006 /* SettingViewModel.swift in Sources */ = {isa = PBXBuildFile; fileRef = 3315355129D5472500100006 /* SettingViewModel.swift */; };
		3315357E29D5472500100006 /* ListUserCollectionViewCell.swift in Sources */ = {isa = PBXBuildFile; fileRef = 3315355729D5472500100006 /* ListUserCollectionViewCell.swift */; };
		3315357F29D5472500100006 /* ListUserCollectionViewCell.xib in Resources */ = {isa = PBXBuildFile; fileRef = 3315355829D5472500100006 /* ListUserCollectionViewCell.xib */; };
		3315358029D5472500100006 /* SearchTableViewCell.xib in Resources */ = {isa = PBXBuildFile; fileRef = 3315355A29D5472500100006 /* SearchTableViewCell.xib */; };
		3315358129D5472500100006 /* SearchTableViewCell.swift in Sources */ = {isa = PBXBuildFile; fileRef = 3315355B29D5472500100006 /* SearchTableViewCell.swift */; };
		3315358429D5472500100006 /* ListFriendCell.swift in Sources */ = {isa = PBXBuildFile; fileRef = 3315356029D5472500100006 /* ListFriendCell.swift */; };
		3315358529D5472500100006 /* ListFriendCell.xib in Resources */ = {isa = PBXBuildFile; fileRef = 3315356129D5472500100006 /* ListFriendCell.xib */; };
		3315358629D5472500100006 /* MessageTextCell.swift in Sources */ = {isa = PBXBuildFile; fileRef = 3315356329D5472500100006 /* MessageTextCell.swift */; };
		3315358829D5472500100006 /* ListChatTableViewCell.xib in Resources */ = {isa = PBXBuildFile; fileRef = 3315356629D5472500100006 /* ListChatTableViewCell.xib */; };
		3315358929D5472500100006 /* ListChatTableViewCell.swift in Sources */ = {isa = PBXBuildFile; fileRef = 3315356729D5472500100006 /* ListChatTableViewCell.swift */; };
		3315358A29D5472500100006 /* IntroViewController.swift in Sources */ = {isa = PBXBuildFile; fileRef = 3315356829D5472500100006 /* IntroViewController.swift */; };
		3315358B29D5472500100006 /* HomeViewModel.swift in Sources */ = {isa = PBXBuildFile; fileRef = 3315356A29D5472500100006 /* HomeViewModel.swift */; };
		3315358F29D5472500100006 /* TabBarController.swift in Sources */ = {isa = PBXBuildFile; fileRef = 3315356F29D5472500100006 /* TabBarController.swift */; };
		3315359129D5472500100006 /* IndicatorView.swift in Sources */ = {isa = PBXBuildFile; fileRef = 3315357329D5472500100006 /* IndicatorView.swift */; };
		3315359229D5472500100006 /* UIViewController+Extensions.swift in Sources */ = {isa = PBXBuildFile; fileRef = 3315357529D5472500100006 /* UIViewController+Extensions.swift */; };
		3315359329D5472500100006 /* UIView+Extensions.swift in Sources */ = {isa = PBXBuildFile; fileRef = 3315357629D5472500100006 /* UIView+Extensions.swift */; };
		3315359429D5472500100006 /* UIColor+Extensions.swift in Sources */ = {isa = PBXBuildFile; fileRef = 3315357729D5472500100006 /* UIColor+Extensions.swift */; };
		33303AAF29FE8A6E00B8F6CF /* UIlabel+Extensions.swift in Sources */ = {isa = PBXBuildFile; fileRef = 33303AAE29FE8A6E00B8F6CF /* UIlabel+Extensions.swift */; };
		333637E62A58786000B1DE15 /* SettingViewController.swift in Sources */ = {isa = PBXBuildFile; fileRef = 333637E42A58786000B1DE15 /* SettingViewController.swift */; };
		333637E72A58786000B1DE15 /* SettingViewController.xib in Resources */ = {isa = PBXBuildFile; fileRef = 333637E52A58786000B1DE15 /* SettingViewController.xib */; };
		333ABA6B2A386E2400037620 /* VerifyCodeViewModel.swift in Sources */ = {isa = PBXBuildFile; fileRef = 333ABA6A2A386E2400037620 /* VerifyCodeViewModel.swift */; };
		3347D7A62A4831B400840655 /* BaseMessageTableViewCell.swift in Sources */ = {isa = PBXBuildFile; fileRef = 3347D7A52A4831B400840655 /* BaseMessageTableViewCell.swift */; };
		3347E20D2A630BCD006FC2A1 /* RCValues.swift in Sources */ = {isa = PBXBuildFile; fileRef = 3347E20C2A630BCD006FC2A1 /* RCValues.swift */; };
		336201692A65478D00251A91 /* AppObserver.swift in Sources */ = {isa = PBXBuildFile; fileRef = 336201682A65478D00251A91 /* AppObserver.swift */; };
		337C03202A36B6CB002231ED /* ObservableType+Extensions.swift in Sources */ = {isa = PBXBuildFile; fileRef = 337C031F2A36B6CB002231ED /* ObservableType+Extensions.swift */; };
		337C03222A36B90B002231ED /* BaseFirebaseService.swift in Sources */ = {isa = PBXBuildFile; fileRef = 337C03212A36B90B002231ED /* BaseFirebaseService.swift */; };
		337D53A129E8E3370067EC0F /* String+Extensions.swift in Sources */ = {isa = PBXBuildFile; fileRef = 337D53A029E8E3370067EC0F /* String+Extensions.swift */; };
		338AE90A2A4BE51E00892BD2 /* PHAsset+Extensions.swift in Sources */ = {isa = PBXBuildFile; fileRef = 338AE9092A4BE51E00892BD2 /* PHAsset+Extensions.swift */; };
		338AE90C2A4BEA9300892BD2 /* Video.swift in Sources */ = {isa = PBXBuildFile; fileRef = 338AE90B2A4BEA9300892BD2 /* Video.swift */; };
		338AE90E2A4BFCB400892BD2 /* BaseExtensions.swift in Sources */ = {isa = PBXBuildFile; fileRef = 338AE90D2A4BFCB400892BD2 /* BaseExtensions.swift */; };
		338C679529E3C060002474B9 /* CustomCaptureButton.swift in Sources */ = {isa = PBXBuildFile; fileRef = 338C679329E3C05F002474B9 /* CustomCaptureButton.swift */; };
		338C679629E3C060002474B9 /* CameraView.swift in Sources */ = {isa = PBXBuildFile; fileRef = 338C679429E3C05F002474B9 /* CameraView.swift */; };
		338C679929E3C08D002474B9 /* DetailImageView.swift in Sources */ = {isa = PBXBuildFile; fileRef = 338C679829E3C08D002474B9 /* DetailImageView.swift */; };
		338C679B29E3C094002474B9 /* FilterViewController.swift in Sources */ = {isa = PBXBuildFile; fileRef = 338C679A29E3C094002474B9 /* FilterViewController.swift */; };
		339365022A383801004EB336 /* OTPStackView.swift in Sources */ = {isa = PBXBuildFile; fileRef = 339365012A383801004EB336 /* OTPStackView.swift */; };
		339365042A383836004EB336 /* OTPTextField.swift in Sources */ = {isa = PBXBuildFile; fileRef = 339365032A383836004EB336 /* OTPTextField.swift */; };
		339365082A38389F004EB336 /* VerifyCodeViewController.swift in Sources */ = {isa = PBXBuildFile; fileRef = 339365062A38389F004EB336 /* VerifyCodeViewController.swift */; };
		339365092A38389F004EB336 /* VerifyCodeViewController.xib in Resources */ = {isa = PBXBuildFile; fileRef = 339365072A38389F004EB336 /* VerifyCodeViewController.xib */; };
		3399E1D129D66A2800DF8021 /* DetailImageViewController.swift in Sources */ = {isa = PBXBuildFile; fileRef = 3399E1D029D66A2800DF8021 /* DetailImageViewController.swift */; };
		3399E1D529D6714100DF8021 /* ImageCollectionViewCell.swift in Sources */ = {isa = PBXBuildFile; fileRef = 3399E1D329D6714100DF8021 /* ImageCollectionViewCell.swift */; };
		3399E1D629D6714100DF8021 /* ImageCollectionViewCell.xib in Resources */ = {isa = PBXBuildFile; fileRef = 3399E1D429D6714100DF8021 /* ImageCollectionViewCell.xib */; };
		3399E1D929D6922000DF8021 /* DetailImageCollectionViewCell.swift in Sources */ = {isa = PBXBuildFile; fileRef = 3399E1D729D6922000DF8021 /* DetailImageCollectionViewCell.swift */; };
		339C19DC2A46170200A96764 /* UIImageView+Extensions.swift in Sources */ = {isa = PBXBuildFile; fileRef = 339C19DB2A46170200A96764 /* UIImageView+Extensions.swift */; };
		33A103812A46C9D2000FCEF0 /* ChatViewController.swift in Sources */ = {isa = PBXBuildFile; fileRef = 33A1037F2A46C9D2000FCEF0 /* ChatViewController.swift */; };
		33A103822A46C9D2000FCEF0 /* ChatViewController.xib in Resources */ = {isa = PBXBuildFile; fileRef = 33A103802A46C9D2000FCEF0 /* ChatViewController.xib */; };
		33A103842A46D23C000FCEF0 /* UITextView+Extensions.swift in Sources */ = {isa = PBXBuildFile; fileRef = 33A103832A46D23C000FCEF0 /* UITextView+Extensions.swift */; };
		33A381F82A38A273009877FD /* EditInfoViewController.swift in Sources */ = {isa = PBXBuildFile; fileRef = 33A381F62A38A273009877FD /* EditInfoViewController.swift */; };
		33A381F92A38A273009877FD /* EditInfoViewController.xib in Resources */ = {isa = PBXBuildFile; fileRef = 33A381F72A38A273009877FD /* EditInfoViewController.xib */; };
		33A381FB2A38A281009877FD /* EditInfoViewModel.swift in Sources */ = {isa = PBXBuildFile; fileRef = 33A381FA2A38A281009877FD /* EditInfoViewModel.swift */; };
		33A6D6262A0CAB8A0033801D /* ImageScrollView.swift in Sources */ = {isa = PBXBuildFile; fileRef = 33A6D6252A0CAB8A0033801D /* ImageScrollView.swift */; };
		33C64D4529F6372A00441FCC /* GoogleService-Info.plist in Resources */ = {isa = PBXBuildFile; fileRef = 33C64D4429F6372A00441FCC /* GoogleService-Info.plist */; };
		33C715852A4A78EE00353BF8 /* TappableLabel.swift in Sources */ = {isa = PBXBuildFile; fileRef = 33C715842A4A78EE00353BF8 /* TappableLabel.swift */; };
		33C715872A4AA2B200353BF8 /* MessagePhotosCell.swift in Sources */ = {isa = PBXBuildFile; fileRef = 33C715862A4AA2B200353BF8 /* MessagePhotosCell.swift */; };
		33C777322A5488FF004B3E0B /* MessageAudioCell.swift in Sources */ = {isa = PBXBuildFile; fileRef = 33C777312A5488FF004B3E0B /* MessageAudioCell.swift */; };
		33CB845E29ED3B0A0044C5D0 /* WaveformView.swift in Sources */ = {isa = PBXBuildFile; fileRef = 33CB845D29ED3B0A0044C5D0 /* WaveformView.swift */; };
		33CD817229EE31A000A155A8 /* AudioView.swift in Sources */ = {isa = PBXBuildFile; fileRef = 33CD817129EE31A000A155A8 /* AudioView.swift */; };
		33D081E12A5589D0004715DF /* MessageFileCell.swift in Sources */ = {isa = PBXBuildFile; fileRef = 33D081E02A5589D0004715DF /* MessageFileCell.swift */; };
		33E1FA6429FC2E6200DDA614 /* APIService.swift in Sources */ = {isa = PBXBuildFile; fileRef = 33E1FA6329FC2E6200DDA614 /* APIService.swift */; };
		33E1FA6629FC3C2700DDA614 /* NotificationMessageModel.swift in Sources */ = {isa = PBXBuildFile; fileRef = 33E1FA6529FC3C2700DDA614 /* NotificationMessageModel.swift */; };
		33E8288729D8212200259447 /* DetailVideoCollectionViewCell.swift in Sources */ = {isa = PBXBuildFile; fileRef = 33E8288529D8212200259447 /* DetailVideoCollectionViewCell.swift */; };
		33F3D18B2A089B6A0037CF6A /* PopupSavedView.swift in Sources */ = {isa = PBXBuildFile; fileRef = 33F3D18A2A089B6A0037CF6A /* PopupSavedView.swift */; };
		33F3D1902A08F1620037CF6A /* Timestamp+Extensions.swift in Sources */ = {isa = PBXBuildFile; fileRef = 33F3D18F2A08F1620037CF6A /* Timestamp+Extensions.swift */; };
		33F3D1922A0903370037CF6A /* Utilities.swift in Sources */ = {isa = PBXBuildFile; fileRef = 33F3D1912A0903370037CF6A /* Utilities.swift */; };
		33F461E32A36E787008A0DF6 /* AppError.swift in Sources */ = {isa = PBXBuildFile; fileRef = 33F461E22A36E787008A0DF6 /* AppError.swift */; };
		33F461E62A36FBE2008A0DF6 /* BaseViewModel.swift in Sources */ = {isa = PBXBuildFile; fileRef = 33F461E52A36FBE2008A0DF6 /* BaseViewModel.swift */; };
		33F461E82A371ACC008A0DF6 /* Constants.swift in Sources */ = {isa = PBXBuildFile; fileRef = 33F461E72A371ACC008A0DF6 /* Constants.swift */; };
		33F461EB2A371CC9008A0DF6 /* AuthFirebaseService.swift in Sources */ = {isa = PBXBuildFile; fileRef = 33F461EA2A371CC9008A0DF6 /* AuthFirebaseService.swift */; };
		33F461ED2A371CEE008A0DF6 /* FirebaseService.swift in Sources */ = {isa = PBXBuildFile; fileRef = 33F461EC2A371CEE008A0DF6 /* FirebaseService.swift */; };
		33F461EF2A372083008A0DF6 /* BaseViewController.swift in Sources */ = {isa = PBXBuildFile; fileRef = 33F461EE2A372083008A0DF6 /* BaseViewController.swift */; };
		33F461F32A3720E6008A0DF6 /* RegisterViewController.swift in Sources */ = {isa = PBXBuildFile; fileRef = 33F461F12A3720E6008A0DF6 /* RegisterViewController.swift */; };
		33F461F42A3720E6008A0DF6 /* RegisterViewController.xib in Resources */ = {isa = PBXBuildFile; fileRef = 33F461F22A3720E6008A0DF6 /* RegisterViewController.xib */; };
		33F461F62A372E9A008A0DF6 /* UIButton+Extensions.swift in Sources */ = {isa = PBXBuildFile; fileRef = 33F461F52A372E9A008A0DF6 /* UIButton+Extensions.swift */; };
		33F537AC2A47057E00597E17 /* ChatViewController+Extensions.swift in Sources */ = {isa = PBXBuildFile; fileRef = 33F537AB2A47057E00597E17 /* ChatViewController+Extensions.swift */; };
		33F537B22A4759E000597E17 /* ChatViewModel.swift in Sources */ = {isa = PBXBuildFile; fileRef = 33F537B12A4759E000597E17 /* ChatViewModel.swift */; };
		33F789842A4D60FD00B49B0E /* ProgessView.swift in Sources */ = {isa = PBXBuildFile; fileRef = 33F789832A4D60FD00B49B0E /* ProgessView.swift */; };
		F3068D253D04C3E39A2EEF27 /* Pods_VideoChatApp.framework in Frameworks */ = {isa = PBXBuildFile; fileRef = DE276C1B375774EA4390EA98 /* Pods_VideoChatApp.framework */; };
/* End PBXBuildFile section */

/* Begin PBXFileReference section */
		23C4C0D8A90128B324B08AB8 /* Pods-VideoChatApp.debug.xcconfig */ = {isa = PBXFileReference; includeInIndex = 1; lastKnownFileType = text.xcconfig; name = "Pods-VideoChatApp.debug.xcconfig"; path = "Target Support Files/Pods-VideoChatApp/Pods-VideoChatApp.debug.xcconfig"; sourceTree = "<group>"; };
		33069F1529DBCE5800617A00 /* DetailImageViewModel.swift */ = {isa = PBXFileReference; lastKnownFileType = sourcecode.swift; path = DetailImageViewModel.swift; sourceTree = "<group>"; };
		33069F1A29DC1B8800617A00 /* PhotosViewController.swift */ = {isa = PBXFileReference; lastKnownFileType = sourcecode.swift; path = PhotosViewController.swift; sourceTree = "<group>"; };
		33069F1D29DC2D0900617A00 /* PhotosViewModel.swift */ = {isa = PBXFileReference; lastKnownFileType = sourcecode.swift; path = PhotosViewModel.swift; sourceTree = "<group>"; };
		33069F2129DC2DBA00617A00 /* PhotosCollectionViewCell.swift */ = {isa = PBXFileReference; lastKnownFileType = sourcecode.swift; path = PhotosCollectionViewCell.swift; sourceTree = "<group>"; };
		330904132A37495300BCEB79 /* RegisterViewModel.swift */ = {isa = PBXFileReference; lastKnownFileType = sourcecode.swift; path = RegisterViewModel.swift; sourceTree = "<group>"; };
		330904152A3753FD00BCEB79 /* Toast.swift */ = {isa = PBXFileReference; lastKnownFileType = sourcecode.swift; path = Toast.swift; sourceTree = "<group>"; };
		330904172A37545500BCEB79 /* Optional+Extensions.swift */ = {isa = PBXFileReference; lastKnownFileType = sourcecode.swift; path = "Optional+Extensions.swift"; sourceTree = "<group>"; };
		3309BC062A36AB28002D7034 /* ProgressHub+Rx.swift */ = {isa = PBXFileReference; lastKnownFileType = sourcecode.swift; path = "ProgressHub+Rx.swift"; sourceTree = "<group>"; };
		3309BC082A36AB59002D7034 /* ErrorTracker.swift */ = {isa = PBXFileReference; lastKnownFileType = sourcecode.swift; path = ErrorTracker.swift; sourceTree = "<group>"; };
		3309BC0A2A36AB74002D7034 /* ActivityIndicator.swift */ = {isa = PBXFileReference; lastKnownFileType = sourcecode.swift; path = ActivityIndicator.swift; sourceTree = "<group>"; };
		3310341F2A3F264000ECB040 /* HomeViewController.swift */ = {isa = PBXFileReference; lastKnownFileType = sourcecode.swift; path = HomeViewController.swift; sourceTree = "<group>"; };
		331034202A3F264000ECB040 /* HomeViewController.xib */ = {isa = PBXFileReference; lastKnownFileType = file.xib; path = HomeViewController.xib; sourceTree = "<group>"; };
		331534D629D5446A00100006 /* VideoChatApp.app */ = {isa = PBXFileReference; explicitFileType = wrapper.application; includeInIndex = 0; path = VideoChatApp.app; sourceTree = BUILT_PRODUCTS_DIR; };
		331534D929D5446A00100006 /* AppDelegate.swift */ = {isa = PBXFileReference; lastKnownFileType = sourcecode.swift; path = AppDelegate.swift; sourceTree = "<group>"; };
		331534DB29D5446A00100006 /* SceneDelegate.swift */ = {isa = PBXFileReference; lastKnownFileType = sourcecode.swift; path = SceneDelegate.swift; sourceTree = "<group>"; };
		331534E029D5446A00100006 /* Base */ = {isa = PBXFileReference; lastKnownFileType = file.storyboard; name = Base; path = Base.lproj/Main.storyboard; sourceTree = "<group>"; };
		331534E229D5446B00100006 /* Assets.xcassets */ = {isa = PBXFileReference; lastKnownFileType = folder.assetcatalog; path = Assets.xcassets; sourceTree = "<group>"; };
		331534E529D5446B00100006 /* Base */ = {isa = PBXFileReference; lastKnownFileType = file.storyboard; name = Base; path = Base.lproj/LaunchScreen.storyboard; sourceTree = "<group>"; };
		331534E729D5446B00100006 /* Info.plist */ = {isa = PBXFileReference; lastKnownFileType = text.plist.xml; path = Info.plist; sourceTree = "<group>"; };
		3315354529D5471000100006 /* ConversationModel.swift */ = {isa = PBXFileReference; fileEncoding = 4; lastKnownFileType = sourcecode.swift; path = ConversationModel.swift; sourceTree = "<group>"; };
		3315354629D5471000100006 /* MessageModel.swift */ = {isa = PBXFileReference; fileEncoding = 4; lastKnownFileType = sourcecode.swift; path = MessageModel.swift; sourceTree = "<group>"; };
		3315354729D5471000100006 /* UserModel.swift */ = {isa = PBXFileReference; fileEncoding = 4; lastKnownFileType = sourcecode.swift; path = UserModel.swift; sourceTree = "<group>"; };
		3315354C29D5472500100006 /* UserDefaultManager.swift */ = {isa = PBXFileReference; fileEncoding = 4; lastKnownFileType = sourcecode.swift; path = UserDefaultManager.swift; sourceTree = "<group>"; };
		3315355129D5472500100006 /* SettingViewModel.swift */ = {isa = PBXFileReference; fileEncoding = 4; lastKnownFileType = sourcecode.swift; path = SettingViewModel.swift; sourceTree = "<group>"; };
		3315355729D5472500100006 /* ListUserCollectionViewCell.swift */ = {isa = PBXFileReference; fileEncoding = 4; lastKnownFileType = sourcecode.swift; path = ListUserCollectionViewCell.swift; sourceTree = "<group>"; };
		3315355829D5472500100006 /* ListUserCollectionViewCell.xib */ = {isa = PBXFileReference; fileEncoding = 4; lastKnownFileType = file.xib; path = ListUserCollectionViewCell.xib; sourceTree = "<group>"; };
		3315355A29D5472500100006 /* SearchTableViewCell.xib */ = {isa = PBXFileReference; fileEncoding = 4; lastKnownFileType = file.xib; path = SearchTableViewCell.xib; sourceTree = "<group>"; };
		3315355B29D5472500100006 /* SearchTableViewCell.swift */ = {isa = PBXFileReference; fileEncoding = 4; lastKnownFileType = sourcecode.swift; path = SearchTableViewCell.swift; sourceTree = "<group>"; };
		3315356029D5472500100006 /* ListFriendCell.swift */ = {isa = PBXFileReference; fileEncoding = 4; lastKnownFileType = sourcecode.swift; path = ListFriendCell.swift; sourceTree = "<group>"; };
		3315356129D5472500100006 /* ListFriendCell.xib */ = {isa = PBXFileReference; fileEncoding = 4; lastKnownFileType = file.xib; path = ListFriendCell.xib; sourceTree = "<group>"; };
		3315356329D5472500100006 /* MessageTextCell.swift */ = {isa = PBXFileReference; fileEncoding = 4; lastKnownFileType = sourcecode.swift; path = MessageTextCell.swift; sourceTree = "<group>"; };
		3315356629D5472500100006 /* ListChatTableViewCell.xib */ = {isa = PBXFileReference; fileEncoding = 4; lastKnownFileType = file.xib; path = ListChatTableViewCell.xib; sourceTree = "<group>"; };
		3315356729D5472500100006 /* ListChatTableViewCell.swift */ = {isa = PBXFileReference; fileEncoding = 4; lastKnownFileType = sourcecode.swift; path = ListChatTableViewCell.swift; sourceTree = "<group>"; };
		3315356829D5472500100006 /* IntroViewController.swift */ = {isa = PBXFileReference; fileEncoding = 4; lastKnownFileType = sourcecode.swift; path = IntroViewController.swift; sourceTree = "<group>"; };
		3315356A29D5472500100006 /* HomeViewModel.swift */ = {isa = PBXFileReference; fileEncoding = 4; lastKnownFileType = sourcecode.swift; path = HomeViewModel.swift; sourceTree = "<group>"; };
		3315356F29D5472500100006 /* TabBarController.swift */ = {isa = PBXFileReference; fileEncoding = 4; lastKnownFileType = sourcecode.swift; path = TabBarController.swift; sourceTree = "<group>"; };
		3315357329D5472500100006 /* IndicatorView.swift */ = {isa = PBXFileReference; fileEncoding = 4; lastKnownFileType = sourcecode.swift; path = IndicatorView.swift; sourceTree = "<group>"; };
		3315357529D5472500100006 /* UIViewController+Extensions.swift */ = {isa = PBXFileReference; fileEncoding = 4; lastKnownFileType = sourcecode.swift; path = "UIViewController+Extensions.swift"; sourceTree = "<group>"; };
		3315357629D5472500100006 /* UIView+Extensions.swift */ = {isa = PBXFileReference; fileEncoding = 4; lastKnownFileType = sourcecode.swift; path = "UIView+Extensions.swift"; sourceTree = "<group>"; };
		3315357729D5472500100006 /* UIColor+Extensions.swift */ = {isa = PBXFileReference; fileEncoding = 4; lastKnownFileType = sourcecode.swift; path = "UIColor+Extensions.swift"; sourceTree = "<group>"; };
		33303AAE29FE8A6E00B8F6CF /* UIlabel+Extensions.swift */ = {isa = PBXFileReference; lastKnownFileType = sourcecode.swift; path = "UIlabel+Extensions.swift"; sourceTree = "<group>"; };
		333637E42A58786000B1DE15 /* SettingViewController.swift */ = {isa = PBXFileReference; lastKnownFileType = sourcecode.swift; path = SettingViewController.swift; sourceTree = "<group>"; };
		333637E52A58786000B1DE15 /* SettingViewController.xib */ = {isa = PBXFileReference; lastKnownFileType = file.xib; path = SettingViewController.xib; sourceTree = "<group>"; };
		333ABA6A2A386E2400037620 /* VerifyCodeViewModel.swift */ = {isa = PBXFileReference; lastKnownFileType = sourcecode.swift; path = VerifyCodeViewModel.swift; sourceTree = "<group>"; };
		3347D7A52A4831B400840655 /* BaseMessageTableViewCell.swift */ = {isa = PBXFileReference; lastKnownFileType = sourcecode.swift; path = BaseMessageTableViewCell.swift; sourceTree = "<group>"; };
		3347E20C2A630BCD006FC2A1 /* RCValues.swift */ = {isa = PBXFileReference; lastKnownFileType = sourcecode.swift; path = RCValues.swift; sourceTree = "<group>"; };
		336201682A65478D00251A91 /* AppObserver.swift */ = {isa = PBXFileReference; lastKnownFileType = sourcecode.swift; path = AppObserver.swift; sourceTree = "<group>"; };
		337C031F2A36B6CB002231ED /* ObservableType+Extensions.swift */ = {isa = PBXFileReference; lastKnownFileType = sourcecode.swift; path = "ObservableType+Extensions.swift"; sourceTree = "<group>"; };
		337C03212A36B90B002231ED /* BaseFirebaseService.swift */ = {isa = PBXFileReference; lastKnownFileType = sourcecode.swift; path = BaseFirebaseService.swift; sourceTree = "<group>"; };
		337D53A029E8E3370067EC0F /* String+Extensions.swift */ = {isa = PBXFileReference; lastKnownFileType = sourcecode.swift; path = "String+Extensions.swift"; sourceTree = "<group>"; };
		338AE9092A4BE51E00892BD2 /* PHAsset+Extensions.swift */ = {isa = PBXFileReference; lastKnownFileType = sourcecode.swift; path = "PHAsset+Extensions.swift"; sourceTree = "<group>"; };
		338AE90B2A4BEA9300892BD2 /* Video.swift */ = {isa = PBXFileReference; lastKnownFileType = sourcecode.swift; path = Video.swift; sourceTree = "<group>"; };
		338AE90D2A4BFCB400892BD2 /* BaseExtensions.swift */ = {isa = PBXFileReference; lastKnownFileType = sourcecode.swift; path = BaseExtensions.swift; sourceTree = "<group>"; };
		338C679329E3C05F002474B9 /* CustomCaptureButton.swift */ = {isa = PBXFileReference; fileEncoding = 4; lastKnownFileType = sourcecode.swift; path = CustomCaptureButton.swift; sourceTree = "<group>"; };
		338C679429E3C05F002474B9 /* CameraView.swift */ = {isa = PBXFileReference; fileEncoding = 4; lastKnownFileType = sourcecode.swift; path = CameraView.swift; sourceTree = "<group>"; };
		338C679829E3C08D002474B9 /* DetailImageView.swift */ = {isa = PBXFileReference; fileEncoding = 4; lastKnownFileType = sourcecode.swift; path = DetailImageView.swift; sourceTree = "<group>"; };
		338C679A29E3C094002474B9 /* FilterViewController.swift */ = {isa = PBXFileReference; fileEncoding = 4; lastKnownFileType = sourcecode.swift; path = FilterViewController.swift; sourceTree = "<group>"; };
		339365012A383801004EB336 /* OTPStackView.swift */ = {isa = PBXFileReference; lastKnownFileType = sourcecode.swift; path = OTPStackView.swift; sourceTree = "<group>"; };
		339365032A383836004EB336 /* OTPTextField.swift */ = {isa = PBXFileReference; lastKnownFileType = sourcecode.swift; path = OTPTextField.swift; sourceTree = "<group>"; };
		339365062A38389F004EB336 /* VerifyCodeViewController.swift */ = {isa = PBXFileReference; lastKnownFileType = sourcecode.swift; path = VerifyCodeViewController.swift; sourceTree = "<group>"; };
		339365072A38389F004EB336 /* VerifyCodeViewController.xib */ = {isa = PBXFileReference; lastKnownFileType = file.xib; path = VerifyCodeViewController.xib; sourceTree = "<group>"; };
		3399E1D029D66A2800DF8021 /* DetailImageViewController.swift */ = {isa = PBXFileReference; lastKnownFileType = sourcecode.swift; path = DetailImageViewController.swift; sourceTree = "<group>"; };
		3399E1D329D6714100DF8021 /* ImageCollectionViewCell.swift */ = {isa = PBXFileReference; lastKnownFileType = sourcecode.swift; path = ImageCollectionViewCell.swift; sourceTree = "<group>"; };
		3399E1D429D6714100DF8021 /* ImageCollectionViewCell.xib */ = {isa = PBXFileReference; lastKnownFileType = file.xib; path = ImageCollectionViewCell.xib; sourceTree = "<group>"; };
		3399E1D729D6922000DF8021 /* DetailImageCollectionViewCell.swift */ = {isa = PBXFileReference; lastKnownFileType = sourcecode.swift; path = DetailImageCollectionViewCell.swift; sourceTree = "<group>"; };
		339C19DB2A46170200A96764 /* UIImageView+Extensions.swift */ = {isa = PBXFileReference; lastKnownFileType = sourcecode.swift; path = "UIImageView+Extensions.swift"; sourceTree = "<group>"; };
		33A1037F2A46C9D2000FCEF0 /* ChatViewController.swift */ = {isa = PBXFileReference; lastKnownFileType = sourcecode.swift; path = ChatViewController.swift; sourceTree = "<group>"; };
		33A103802A46C9D2000FCEF0 /* ChatViewController.xib */ = {isa = PBXFileReference; lastKnownFileType = file.xib; path = ChatViewController.xib; sourceTree = "<group>"; };
		33A103832A46D23C000FCEF0 /* UITextView+Extensions.swift */ = {isa = PBXFileReference; lastKnownFileType = sourcecode.swift; path = "UITextView+Extensions.swift"; sourceTree = "<group>"; };
		33A381F62A38A273009877FD /* EditInfoViewController.swift */ = {isa = PBXFileReference; lastKnownFileType = sourcecode.swift; path = EditInfoViewController.swift; sourceTree = "<group>"; };
		33A381F72A38A273009877FD /* EditInfoViewController.xib */ = {isa = PBXFileReference; lastKnownFileType = file.xib; path = EditInfoViewController.xib; sourceTree = "<group>"; };
		33A381FA2A38A281009877FD /* EditInfoViewModel.swift */ = {isa = PBXFileReference; lastKnownFileType = sourcecode.swift; path = EditInfoViewModel.swift; sourceTree = "<group>"; };
		33A6D6252A0CAB8A0033801D /* ImageScrollView.swift */ = {isa = PBXFileReference; lastKnownFileType = sourcecode.swift; path = ImageScrollView.swift; sourceTree = "<group>"; };
		33C64D4329F6368800441FCC /* VideoChatApp.entitlements */ = {isa = PBXFileReference; lastKnownFileType = text.plist.entitlements; path = VideoChatApp.entitlements; sourceTree = "<group>"; };
		33C64D4429F6372A00441FCC /* GoogleService-Info.plist */ = {isa = PBXFileReference; fileEncoding = 4; lastKnownFileType = text.plist.xml; path = "GoogleService-Info.plist"; sourceTree = "<group>"; };
		33C715842A4A78EE00353BF8 /* TappableLabel.swift */ = {isa = PBXFileReference; lastKnownFileType = sourcecode.swift; path = TappableLabel.swift; sourceTree = "<group>"; };
		33C715862A4AA2B200353BF8 /* MessagePhotosCell.swift */ = {isa = PBXFileReference; lastKnownFileType = sourcecode.swift; path = MessagePhotosCell.swift; sourceTree = "<group>"; };
		33C777312A5488FF004B3E0B /* MessageAudioCell.swift */ = {isa = PBXFileReference; lastKnownFileType = sourcecode.swift; path = MessageAudioCell.swift; sourceTree = "<group>"; };
		33CB845D29ED3B0A0044C5D0 /* WaveformView.swift */ = {isa = PBXFileReference; lastKnownFileType = sourcecode.swift; path = WaveformView.swift; sourceTree = "<group>"; };
		33CD817129EE31A000A155A8 /* AudioView.swift */ = {isa = PBXFileReference; lastKnownFileType = sourcecode.swift; path = AudioView.swift; sourceTree = "<group>"; };
		33D081E02A5589D0004715DF /* MessageFileCell.swift */ = {isa = PBXFileReference; lastKnownFileType = sourcecode.swift; path = MessageFileCell.swift; sourceTree = "<group>"; };
		33E1FA6329FC2E6200DDA614 /* APIService.swift */ = {isa = PBXFileReference; lastKnownFileType = sourcecode.swift; path = APIService.swift; sourceTree = "<group>"; };
		33E1FA6529FC3C2700DDA614 /* NotificationMessageModel.swift */ = {isa = PBXFileReference; lastKnownFileType = sourcecode.swift; path = NotificationMessageModel.swift; sourceTree = "<group>"; };
		33E8288529D8212200259447 /* DetailVideoCollectionViewCell.swift */ = {isa = PBXFileReference; lastKnownFileType = sourcecode.swift; path = DetailVideoCollectionViewCell.swift; sourceTree = "<group>"; };
		33F3D18A2A089B6A0037CF6A /* PopupSavedView.swift */ = {isa = PBXFileReference; lastKnownFileType = sourcecode.swift; path = PopupSavedView.swift; sourceTree = "<group>"; };
		33F3D18F2A08F1620037CF6A /* Timestamp+Extensions.swift */ = {isa = PBXFileReference; lastKnownFileType = sourcecode.swift; path = "Timestamp+Extensions.swift"; sourceTree = "<group>"; };
		33F3D1912A0903370037CF6A /* Utilities.swift */ = {isa = PBXFileReference; lastKnownFileType = sourcecode.swift; path = Utilities.swift; sourceTree = "<group>"; };
		33F461E22A36E787008A0DF6 /* AppError.swift */ = {isa = PBXFileReference; lastKnownFileType = sourcecode.swift; path = AppError.swift; sourceTree = "<group>"; };
		33F461E52A36FBE2008A0DF6 /* BaseViewModel.swift */ = {isa = PBXFileReference; lastKnownFileType = sourcecode.swift; path = BaseViewModel.swift; sourceTree = "<group>"; };
		33F461E72A371ACC008A0DF6 /* Constants.swift */ = {isa = PBXFileReference; lastKnownFileType = sourcecode.swift; path = Constants.swift; sourceTree = "<group>"; };
		33F461EA2A371CC9008A0DF6 /* AuthFirebaseService.swift */ = {isa = PBXFileReference; lastKnownFileType = sourcecode.swift; path = AuthFirebaseService.swift; sourceTree = "<group>"; };
		33F461EC2A371CEE008A0DF6 /* FirebaseService.swift */ = {isa = PBXFileReference; lastKnownFileType = sourcecode.swift; path = FirebaseService.swift; sourceTree = "<group>"; };
		33F461EE2A372083008A0DF6 /* BaseViewController.swift */ = {isa = PBXFileReference; lastKnownFileType = sourcecode.swift; path = BaseViewController.swift; sourceTree = "<group>"; };
		33F461F12A3720E6008A0DF6 /* RegisterViewController.swift */ = {isa = PBXFileReference; lastKnownFileType = sourcecode.swift; path = RegisterViewController.swift; sourceTree = "<group>"; };
		33F461F22A3720E6008A0DF6 /* RegisterViewController.xib */ = {isa = PBXFileReference; lastKnownFileType = file.xib; path = RegisterViewController.xib; sourceTree = "<group>"; };
		33F461F52A372E9A008A0DF6 /* UIButton+Extensions.swift */ = {isa = PBXFileReference; lastKnownFileType = sourcecode.swift; path = "UIButton+Extensions.swift"; sourceTree = "<group>"; };
		33F537AB2A47057E00597E17 /* ChatViewController+Extensions.swift */ = {isa = PBXFileReference; lastKnownFileType = sourcecode.swift; path = "ChatViewController+Extensions.swift"; sourceTree = "<group>"; };
		33F537B12A4759E000597E17 /* ChatViewModel.swift */ = {isa = PBXFileReference; lastKnownFileType = sourcecode.swift; path = ChatViewModel.swift; sourceTree = "<group>"; };
		33F789832A4D60FD00B49B0E /* ProgessView.swift */ = {isa = PBXFileReference; lastKnownFileType = sourcecode.swift; path = ProgessView.swift; sourceTree = "<group>"; };
		62FF8305E2210ECFEA311FC6 /* Pods-VideoChatApp.release.xcconfig */ = {isa = PBXFileReference; includeInIndex = 1; lastKnownFileType = text.xcconfig; name = "Pods-VideoChatApp.release.xcconfig"; path = "Target Support Files/Pods-VideoChatApp/Pods-VideoChatApp.release.xcconfig"; sourceTree = "<group>"; };
		DE276C1B375774EA4390EA98 /* Pods_VideoChatApp.framework */ = {isa = PBXFileReference; explicitFileType = wrapper.framework; includeInIndex = 0; path = Pods_VideoChatApp.framework; sourceTree = BUILT_PRODUCTS_DIR; };
/* End PBXFileReference section */

/* Begin PBXFrameworksBuildPhase section */
		331534D329D5446A00100006 /* Frameworks */ = {
			isa = PBXFrameworksBuildPhase;
			buildActionMask = 2147483647;
			files = (
				F3068D253D04C3E39A2EEF27 /* Pods_VideoChatApp.framework in Frameworks */,
			);
			runOnlyForDeploymentPostprocessing = 0;
		};
/* End PBXFrameworksBuildPhase section */

/* Begin PBXGroup section */
		33069F1729DBCE5F00617A00 /* Cell */ = {
			isa = PBXGroup;
			children = (
				33E8288429D8210600259447 /* DetailVideoCell */,
				33E8288329D820F400259447 /* DetailImageCell */,
			);
			path = Cell;
			sourceTree = "<group>";
		};
		33069F1C29DC2CF800617A00 /* PhotosView */ = {
			isa = PBXGroup;
			children = (
				33069F2029DC2D7900617A00 /* Cell */,
				33069F1A29DC1B8800617A00 /* PhotosViewController.swift */,
				33069F1D29DC2D0900617A00 /* PhotosViewModel.swift */,
			);
			path = PhotosView;
			sourceTree = "<group>";
		};
		33069F1F29DC2D3A00617A00 /* Apps */ = {
			isa = PBXGroup;
			children = (
				331534D929D5446A00100006 /* AppDelegate.swift */,
				331534DB29D5446A00100006 /* SceneDelegate.swift */,
			);
			path = Apps;
			sourceTree = "<group>";
		};
		33069F2029DC2D7900617A00 /* Cell */ = {
			isa = PBXGroup;
			children = (
				33069F2129DC2DBA00617A00 /* PhotosCollectionViewCell.swift */,
			);
			path = Cell;
			sourceTree = "<group>";
		};
		331534CD29D5446A00100006 = {
			isa = PBXGroup;
			children = (
				331534D829D5446A00100006 /* VideoChatApp */,
				331534D729D5446A00100006 /* Products */,
				57C394D6949B7F018ECEBB11 /* Pods */,
				B4BFE88BEAFACC83F22FE4B8 /* Frameworks */,
			);
			sourceTree = "<group>";
		};
		331534D729D5446A00100006 /* Products */ = {
			isa = PBXGroup;
			children = (
				331534D629D5446A00100006 /* VideoChatApp.app */,
			);
			name = Products;
			sourceTree = "<group>";
		};
		331534D829D5446A00100006 /* VideoChatApp */ = {
			isa = PBXGroup;
			children = (
				33C64D4329F6368800441FCC /* VideoChatApp.entitlements */,
				33069F1F29DC2D3A00617A00 /* Apps */,
				3315357429D5472500100006 /* Extensions */,
				3315354B29D5472500100006 /* Services */,
				3315354429D5471000100006 /* Models */,
				3315357029D5472500100006 /* Utilities */,
				3315354E29D5472500100006 /* ViewControllers */,
				331534DF29D5446A00100006 /* Main.storyboard */,
				331534E229D5446B00100006 /* Assets.xcassets */,
				331534E429D5446B00100006 /* LaunchScreen.storyboard */,
				331534E729D5446B00100006 /* Info.plist */,
				33C64D4429F6372A00441FCC /* GoogleService-Info.plist */,
			);
			path = VideoChatApp;
			sourceTree = "<group>";
		};
		3315354429D5471000100006 /* Models */ = {
			isa = PBXGroup;
			children = (
				3315354529D5471000100006 /* ConversationModel.swift */,
				3315354629D5471000100006 /* MessageModel.swift */,
				3315354729D5471000100006 /* UserModel.swift */,
				33E1FA6529FC3C2700DDA614 /* NotificationMessageModel.swift */,
				33F461E22A36E787008A0DF6 /* AppError.swift */,
			);
			path = Models;
			sourceTree = "<group>";
		};
		3315354B29D5472500100006 /* Services */ = {
			isa = PBXGroup;
			children = (
				3315354C29D5472500100006 /* UserDefaultManager.swift */,
				33E1FA6329FC2E6200DDA614 /* APIService.swift */,
				33F461E92A371CA1008A0DF6 /* Firebase */,
			);
			path = Services;
			sourceTree = "<group>";
		};
		3315354E29D5472500100006 /* ViewControllers */ = {
			isa = PBXGroup;
			children = (
				3315356F29D5472500100006 /* TabBarController.swift */,
				3315356829D5472500100006 /* IntroViewController.swift */,
				33F461E42A36FBD4008A0DF6 /* Base */,
				338FA0692A57F73D003161EC /* Login Modul */,
				3315356929D5472500100006 /* HomeView */,
				3315354F29D5472500100006 /* SettingView */,
				3315355229D5472500100006 /* ChatView */,
				3399E1CF29D66A1200DF8021 /* DetailImageView */,
				33069F1C29DC2CF800617A00 /* PhotosView */,
				338C679729E3C075002474B9 /* CameraView */,
			);
			path = ViewControllers;
			sourceTree = "<group>";
		};
		3315354F29D5472500100006 /* SettingView */ = {
			isa = PBXGroup;
			children = (
				333637E42A58786000B1DE15 /* SettingViewController.swift */,
				333637E52A58786000B1DE15 /* SettingViewController.xib */,
				3315355129D5472500100006 /* SettingViewModel.swift */,
			);
			path = SettingView;
			sourceTree = "<group>";
		};
		3315355229D5472500100006 /* ChatView */ = {
			isa = PBXGroup;
			children = (
				334DA79B29E2C84C0067F235 /* Cell */,
				33A1037F2A46C9D2000FCEF0 /* ChatViewController.swift */,
				33A103802A46C9D2000FCEF0 /* ChatViewController.xib */,
				33F537AB2A47057E00597E17 /* ChatViewController+Extensions.swift */,
				33F537B12A4759E000597E17 /* ChatViewModel.swift */,
			);
			path = ChatView;
			sourceTree = "<group>";
		};
		3315355629D5472500100006 /* ListUserCollectionViewCell */ = {
			isa = PBXGroup;
			children = (
				3315355729D5472500100006 /* ListUserCollectionViewCell.swift */,
				3315355829D5472500100006 /* ListUserCollectionViewCell.xib */,
			);
			path = ListUserCollectionViewCell;
			sourceTree = "<group>";
		};
		3315355929D5472500100006 /* SearchCell */ = {
			isa = PBXGroup;
			children = (
				3315355A29D5472500100006 /* SearchTableViewCell.xib */,
				3315355B29D5472500100006 /* SearchTableViewCell.swift */,
			);
			path = SearchCell;
			sourceTree = "<group>";
		};
		3315355F29D5472500100006 /* ListFriendCell */ = {
			isa = PBXGroup;
			children = (
				3315356029D5472500100006 /* ListFriendCell.swift */,
				3315356129D5472500100006 /* ListFriendCell.xib */,
			);
			path = ListFriendCell;
			sourceTree = "<group>";
		};
		3315356529D5472500100006 /* ListChatTableViewCell */ = {
			isa = PBXGroup;
			children = (
				3315356629D5472500100006 /* ListChatTableViewCell.xib */,
				3315356729D5472500100006 /* ListChatTableViewCell.swift */,
			);
			path = ListChatTableViewCell;
			sourceTree = "<group>";
		};
		3315356929D5472500100006 /* HomeView */ = {
			isa = PBXGroup;
			children = (
				334DA79C29E2C85F0067F235 /* Cell */,
				3310341F2A3F264000ECB040 /* HomeViewController.swift */,
				331034202A3F264000ECB040 /* HomeViewController.xib */,
				3315356A29D5472500100006 /* HomeViewModel.swift */,
			);
			path = HomeView;
			sourceTree = "<group>";
		};
		3315357029D5472500100006 /* Utilities */ = {
			isa = PBXGroup;
			children = (
				33F3D1912A0903370037CF6A /* Utilities.swift */,
				33F461E72A371ACC008A0DF6 /* Constants.swift */,
				3347E20C2A630BCD006FC2A1 /* RCValues.swift */,
				3315357229D5472500100006 /* CommonView */,
				336201682A65478D00251A91 /* AppObserver.swift */,
			);
			path = Utilities;
			sourceTree = "<group>";
		};
		3315357229D5472500100006 /* CommonView */ = {
			isa = PBXGroup;
			children = (
				330904152A3753FD00BCEB79 /* Toast.swift */,
				338C679329E3C05F002474B9 /* CustomCaptureButton.swift */,
				3315357329D5472500100006 /* IndicatorView.swift */,
				33CB845D29ED3B0A0044C5D0 /* WaveformView.swift */,
				33CD817129EE31A000A155A8 /* AudioView.swift */,
				33F3D18A2A089B6A0037CF6A /* PopupSavedView.swift */,
				33A6D6252A0CAB8A0033801D /* ImageScrollView.swift */,
				339365012A383801004EB336 /* OTPStackView.swift */,
				339365032A383836004EB336 /* OTPTextField.swift */,
				338AE90B2A4BEA9300892BD2 /* Video.swift */,
				33F789832A4D60FD00B49B0E /* ProgessView.swift */,
			);
			path = CommonView;
			sourceTree = "<group>";
		};
		3315357429D5472500100006 /* Extensions */ = {
			isa = PBXGroup;
			children = (
				3315357529D5472500100006 /* UIViewController+Extensions.swift */,
				3315357629D5472500100006 /* UIView+Extensions.swift */,
				3315357729D5472500100006 /* UIColor+Extensions.swift */,
				339C19DB2A46170200A96764 /* UIImageView+Extensions.swift */,
				337D53A029E8E3370067EC0F /* String+Extensions.swift */,
				33303AAE29FE8A6E00B8F6CF /* UIlabel+Extensions.swift */,
				33F3D18F2A08F1620037CF6A /* Timestamp+Extensions.swift */,
				33F461F52A372E9A008A0DF6 /* UIButton+Extensions.swift */,
				330904172A37545500BCEB79 /* Optional+Extensions.swift */,
				33A103832A46D23C000FCEF0 /* UITextView+Extensions.swift */,
				338AE9092A4BE51E00892BD2 /* PHAsset+Extensions.swift */,
				338AE90D2A4BFCB400892BD2 /* BaseExtensions.swift */,
				337C031E2A36B686002231ED /* Rx+Extensions */,
			);
			path = Extensions;
			sourceTree = "<group>";
		};
		334DA79B29E2C84C0067F235 /* Cell */ = {
			isa = PBXGroup;
			children = (
				3399E1D229D6712C00DF8021 /* ImageCell */,
				3347D7A52A4831B400840655 /* BaseMessageTableViewCell.swift */,
				33D081E02A5589D0004715DF /* MessageFileCell.swift */,
				33C715862A4AA2B200353BF8 /* MessagePhotosCell.swift */,
				33C777312A5488FF004B3E0B /* MessageAudioCell.swift */,
				3315356329D5472500100006 /* MessageTextCell.swift */,
				33C715842A4A78EE00353BF8 /* TappableLabel.swift */,
			);
			path = Cell;
			sourceTree = "<group>";
		};
		334DA79C29E2C85F0067F235 /* Cell */ = {
			isa = PBXGroup;
			children = (
				3315355629D5472500100006 /* ListUserCollectionViewCell */,
				3315355929D5472500100006 /* SearchCell */,
				3315355F29D5472500100006 /* ListFriendCell */,
				3315356529D5472500100006 /* ListChatTableViewCell */,
			);
			path = Cell;
			sourceTree = "<group>";
		};
		337C031E2A36B686002231ED /* Rx+Extensions */ = {
			isa = PBXGroup;
			children = (
				3309BC062A36AB28002D7034 /* ProgressHub+Rx.swift */,
				3309BC082A36AB59002D7034 /* ErrorTracker.swift */,
				3309BC0A2A36AB74002D7034 /* ActivityIndicator.swift */,
				337C031F2A36B6CB002231ED /* ObservableType+Extensions.swift */,
			);
			name = "Rx+Extensions";
			sourceTree = "<group>";
		};
		338C679729E3C075002474B9 /* CameraView */ = {
			isa = PBXGroup;
			children = (
				338C679A29E3C094002474B9 /* FilterViewController.swift */,
				338C679429E3C05F002474B9 /* CameraView.swift */,
				338C679829E3C08D002474B9 /* DetailImageView.swift */,
			);
			path = CameraView;
			sourceTree = "<group>";
		};
		338FA0692A57F73D003161EC /* Login Modul */ = {
			isa = PBXGroup;
			children = (
				33F461F02A3720A7008A0DF6 /* Register */,
				339365052A38388A004EB336 /* VerifyCodeView */,
				33A381F52A38A261009877FD /* EditInfo */,
			);
			path = "Login Modul";
			sourceTree = "<group>";
		};
		339365052A38388A004EB336 /* VerifyCodeView */ = {
			isa = PBXGroup;
			children = (
				339365062A38389F004EB336 /* VerifyCodeViewController.swift */,
				339365072A38389F004EB336 /* VerifyCodeViewController.xib */,
				333ABA6A2A386E2400037620 /* VerifyCodeViewModel.swift */,
			);
			path = VerifyCodeView;
			sourceTree = "<group>";
		};
		3399E1CF29D66A1200DF8021 /* DetailImageView */ = {
			isa = PBXGroup;
			children = (
				33069F1729DBCE5F00617A00 /* Cell */,
				3399E1D029D66A2800DF8021 /* DetailImageViewController.swift */,
				33069F1529DBCE5800617A00 /* DetailImageViewModel.swift */,
			);
			path = DetailImageView;
			sourceTree = "<group>";
		};
		3399E1D229D6712C00DF8021 /* ImageCell */ = {
			isa = PBXGroup;
			children = (
				3399E1D329D6714100DF8021 /* ImageCollectionViewCell.swift */,
				3399E1D429D6714100DF8021 /* ImageCollectionViewCell.xib */,
			);
			path = ImageCell;
			sourceTree = "<group>";
		};
		33A381F52A38A261009877FD /* EditInfo */ = {
			isa = PBXGroup;
			children = (
				33A381F62A38A273009877FD /* EditInfoViewController.swift */,
				33A381F72A38A273009877FD /* EditInfoViewController.xib */,
				33A381FA2A38A281009877FD /* EditInfoViewModel.swift */,
			);
			path = EditInfo;
			sourceTree = "<group>";
		};
		33E8288329D820F400259447 /* DetailImageCell */ = {
			isa = PBXGroup;
			children = (
				3399E1D729D6922000DF8021 /* DetailImageCollectionViewCell.swift */,
			);
			path = DetailImageCell;
			sourceTree = "<group>";
		};
		33E8288429D8210600259447 /* DetailVideoCell */ = {
			isa = PBXGroup;
			children = (
				33E8288529D8212200259447 /* DetailVideoCollectionViewCell.swift */,
			);
			path = DetailVideoCell;
			sourceTree = "<group>";
		};
		33F461E42A36FBD4008A0DF6 /* Base */ = {
			isa = PBXGroup;
			children = (
				33F461E52A36FBE2008A0DF6 /* BaseViewModel.swift */,
				33F461EE2A372083008A0DF6 /* BaseViewController.swift */,
			);
			path = Base;
			sourceTree = "<group>";
		};
		33F461E92A371CA1008A0DF6 /* Firebase */ = {
			isa = PBXGroup;
			children = (
				337C03212A36B90B002231ED /* BaseFirebaseService.swift */,
				33F461EA2A371CC9008A0DF6 /* AuthFirebaseService.swift */,
				33F461EC2A371CEE008A0DF6 /* FirebaseService.swift */,
			);
			path = Firebase;
			sourceTree = "<group>";
		};
		33F461F02A3720A7008A0DF6 /* Register */ = {
			isa = PBXGroup;
			children = (
				33F461F12A3720E6008A0DF6 /* RegisterViewController.swift */,
				33F461F22A3720E6008A0DF6 /* RegisterViewController.xib */,
				330904132A37495300BCEB79 /* RegisterViewModel.swift */,
			);
			path = Register;
			sourceTree = "<group>";
		};
		57C394D6949B7F018ECEBB11 /* Pods */ = {
			isa = PBXGroup;
			children = (
				23C4C0D8A90128B324B08AB8 /* Pods-VideoChatApp.debug.xcconfig */,
				62FF8305E2210ECFEA311FC6 /* Pods-VideoChatApp.release.xcconfig */,
			);
			path = Pods;
			sourceTree = "<group>";
		};
		B4BFE88BEAFACC83F22FE4B8 /* Frameworks */ = {
			isa = PBXGroup;
			children = (
				DE276C1B375774EA4390EA98 /* Pods_VideoChatApp.framework */,
			);
			name = Frameworks;
			sourceTree = "<group>";
		};
/* End PBXGroup section */

/* Begin PBXNativeTarget section */
		331534D529D5446A00100006 /* VideoChatApp */ = {
			isa = PBXNativeTarget;
			buildConfigurationList = 331534EA29D5446B00100006 /* Build configuration list for PBXNativeTarget "VideoChatApp" */;
			buildPhases = (
				591D88138C8EB62D65C73757 /* [CP] Check Pods Manifest.lock */,
				331534D229D5446A00100006 /* Sources */,
				331534D329D5446A00100006 /* Frameworks */,
				331534D429D5446A00100006 /* Resources */,
				660CE25E35B0058D0765F6EE /* [CP] Embed Pods Frameworks */,
			);
			buildRules = (
			);
			dependencies = (
			);
			name = VideoChatApp;
			productName = VideoChatApp;
			productReference = 331534D629D5446A00100006 /* VideoChatApp.app */;
			productType = "com.apple.product-type.application";
		};
/* End PBXNativeTarget section */

/* Begin PBXProject section */
		331534CE29D5446A00100006 /* Project object */ = {
			isa = PBXProject;
			attributes = {
				BuildIndependentTargetsInParallel = 1;
				LastSwiftUpdateCheck = 1320;
				LastUpgradeCheck = 1320;
				TargetAttributes = {
					331534D529D5446A00100006 = {
						CreatedOnToolsVersion = 13.2;
					};
				};
			};
			buildConfigurationList = 331534D129D5446A00100006 /* Build configuration list for PBXProject "VideoChatApp" */;
			compatibilityVersion = "Xcode 13.0";
			developmentRegion = en;
			hasScannedForEncodings = 0;
			knownRegions = (
				en,
				Base,
			);
			mainGroup = 331534CD29D5446A00100006;
			productRefGroup = 331534D729D5446A00100006 /* Products */;
			projectDirPath = "";
			projectRoot = "";
			targets = (
				331534D529D5446A00100006 /* VideoChatApp */,
			);
		};
/* End PBXProject section */

/* Begin PBXResourcesBuildPhase section */
		331534D429D5446A00100006 /* Resources */ = {
			isa = PBXResourcesBuildPhase;
			buildActionMask = 2147483647;
			files = (
				331534E629D5446B00100006 /* LaunchScreen.storyboard in Resources */,
				333637E72A58786000B1DE15 /* SettingViewController.xib in Resources */,
				3399E1D629D6714100DF8021 /* ImageCollectionViewCell.xib in Resources */,
				3315358529D5472500100006 /* ListFriendCell.xib in Resources */,
				331034222A3F264000ECB040 /* HomeViewController.xib in Resources */,
				3315357F29D5472500100006 /* ListUserCollectionViewCell.xib in Resources */,
				331534E329D5446B00100006 /* Assets.xcassets in Resources */,
				33A381F92A38A273009877FD /* EditInfoViewController.xib in Resources */,
				3315358829D5472500100006 /* ListChatTableViewCell.xib in Resources */,
				331534E129D5446A00100006 /* Main.storyboard in Resources */,
				33A103822A46C9D2000FCEF0 /* ChatViewController.xib in Resources */,
				3315358029D5472500100006 /* SearchTableViewCell.xib in Resources */,
				339365092A38389F004EB336 /* VerifyCodeViewController.xib in Resources */,
				33F461F42A3720E6008A0DF6 /* RegisterViewController.xib in Resources */,
				33C64D4529F6372A00441FCC /* GoogleService-Info.plist in Resources */,
			);
			runOnlyForDeploymentPostprocessing = 0;
		};
/* End PBXResourcesBuildPhase section */

/* Begin PBXShellScriptBuildPhase section */
		591D88138C8EB62D65C73757 /* [CP] Check Pods Manifest.lock */ = {
			isa = PBXShellScriptBuildPhase;
			buildActionMask = 2147483647;
			files = (
			);
			inputFileListPaths = (
			);
			inputPaths = (
				"${PODS_PODFILE_DIR_PATH}/Podfile.lock",
				"${PODS_ROOT}/Manifest.lock",
			);
			name = "[CP] Check Pods Manifest.lock";
			outputFileListPaths = (
			);
			outputPaths = (
				"$(DERIVED_FILE_DIR)/Pods-VideoChatApp-checkManifestLockResult.txt",
			);
			runOnlyForDeploymentPostprocessing = 0;
			shellPath = /bin/sh;
			shellScript = "diff \"${PODS_PODFILE_DIR_PATH}/Podfile.lock\" \"${PODS_ROOT}/Manifest.lock\" > /dev/null\nif [ $? != 0 ] ; then\n    # print error to STDERR\n    echo \"error: The sandbox is not in sync with the Podfile.lock. Run 'pod install' or update your CocoaPods installation.\" >&2\n    exit 1\nfi\n# This output is used by Xcode 'outputs' to avoid re-running this script phase.\necho \"SUCCESS\" > \"${SCRIPT_OUTPUT_FILE_0}\"\n";
			showEnvVarsInLog = 0;
		};
		660CE25E35B0058D0765F6EE /* [CP] Embed Pods Frameworks */ = {
			isa = PBXShellScriptBuildPhase;
			buildActionMask = 2147483647;
			files = (
			);
			inputFileListPaths = (
				"${PODS_ROOT}/Target Support Files/Pods-VideoChatApp/Pods-VideoChatApp-frameworks-${CONFIGURATION}-input-files.xcfilelist",
			);
			name = "[CP] Embed Pods Frameworks";
			outputFileListPaths = (
				"${PODS_ROOT}/Target Support Files/Pods-VideoChatApp/Pods-VideoChatApp-frameworks-${CONFIGURATION}-output-files.xcfilelist",
			);
			runOnlyForDeploymentPostprocessing = 0;
			shellPath = /bin/sh;
			shellScript = "\"${PODS_ROOT}/Target Support Files/Pods-VideoChatApp/Pods-VideoChatApp-frameworks.sh\"\n";
			showEnvVarsInLog = 0;
		};
/* End PBXShellScriptBuildPhase section */

/* Begin PBXSourcesBuildPhase section */
		331534D229D5446A00100006 /* Sources */ = {
			isa = PBXSourcesBuildPhase;
			buildActionMask = 2147483647;
			files = (
				33069F1629DBCE5800617A00 /* DetailImageViewModel.swift in Sources */,
				33F461E62A36FBE2008A0DF6 /* BaseViewModel.swift in Sources */,
				33CB845E29ED3B0A0044C5D0 /* WaveformView.swift in Sources */,
				3315354929D5471000100006 /* MessageModel.swift in Sources */,
				33F461ED2A371CEE008A0DF6 /* FirebaseService.swift in Sources */,
				33069F1B29DC1B8800617A00 /* PhotosViewController.swift in Sources */,
				33F461E82A371ACC008A0DF6 /* Constants.swift in Sources */,
				33E8288729D8212200259447 /* DetailVideoCollectionViewCell.swift in Sources */,
				33F3D1902A08F1620037CF6A /* Timestamp+Extensions.swift in Sources */,
				33A381F82A38A273009877FD /* EditInfoViewController.swift in Sources */,
				33F537AC2A47057E00597E17 /* ChatViewController+Extensions.swift in Sources */,
				3315357E29D5472500100006 /* ListUserCollectionViewCell.swift in Sources */,
				33069F1E29DC2D0900617A00 /* PhotosViewModel.swift in Sources */,
				3315359429D5472500100006 /* UIColor+Extensions.swift in Sources */,
				3315358B29D5472500100006 /* HomeViewModel.swift in Sources */,
				3315358929D5472500100006 /* ListChatTableViewCell.swift in Sources */,
				3399E1D129D66A2800DF8021 /* DetailImageViewController.swift in Sources */,
				33C777322A5488FF004B3E0B /* MessageAudioCell.swift in Sources */,
				333ABA6B2A386E2400037620 /* VerifyCodeViewModel.swift in Sources */,
				330904182A37545500BCEB79 /* Optional+Extensions.swift in Sources */,
				33A103812A46C9D2000FCEF0 /* ChatViewController.swift in Sources */,
				33A381FB2A38A281009877FD /* EditInfoViewModel.swift in Sources */,
				33303AAF29FE8A6E00B8F6CF /* UIlabel+Extensions.swift in Sources */,
				3315358629D5472500100006 /* MessageTextCell.swift in Sources */,
				33CD817229EE31A000A155A8 /* AudioView.swift in Sources */,
				33A6D6262A0CAB8A0033801D /* ImageScrollView.swift in Sources */,
				33E1FA6629FC3C2700DDA614 /* NotificationMessageModel.swift in Sources */,
				33F3D18B2A089B6A0037CF6A /* PopupSavedView.swift in Sources */,
				338C679629E3C060002474B9 /* CameraView.swift in Sources */,
				3315358F29D5472500100006 /* TabBarController.swift in Sources */,
				33F537B22A4759E000597E17 /* ChatViewModel.swift in Sources */,
				3309BC0B2A36AB74002D7034 /* ActivityIndicator.swift in Sources */,
				338C679B29E3C094002474B9 /* FilterViewController.swift in Sources */,
				33F789842A4D60FD00B49B0E /* ProgessView.swift in Sources */,
				33E1FA6429FC2E6200DDA614 /* APIService.swift in Sources */,
				33F461F62A372E9A008A0DF6 /* UIButton+Extensions.swift in Sources */,
				330904142A37495300BCEB79 /* RegisterViewModel.swift in Sources */,
				338C679929E3C08D002474B9 /* DetailImageView.swift in Sources */,
				33A103842A46D23C000FCEF0 /* UITextView+Extensions.swift in Sources */,
				337C03202A36B6CB002231ED /* ObservableType+Extensions.swift in Sources */,
				33D081E12A5589D0004715DF /* MessageFileCell.swift in Sources */,
				33F461E32A36E787008A0DF6 /* AppError.swift in Sources */,
				3315358429D5472500100006 /* ListFriendCell.swift in Sources */,
				3347E20D2A630BCD006FC2A1 /* RCValues.swift in Sources */,
				33F461F32A3720E6008A0DF6 /* RegisterViewController.swift in Sources */,
				339365082A38389F004EB336 /* VerifyCodeViewController.swift in Sources */,
				3309BC072A36AB28002D7034 /* ProgressHub+Rx.swift in Sources */,
				331534DA29D5446A00100006 /* AppDelegate.swift in Sources */,
				337C03222A36B90B002231ED /* BaseFirebaseService.swift in Sources */,
				33C715872A4AA2B200353BF8 /* MessagePhotosCell.swift in Sources */,
				337D53A129E8E3370067EC0F /* String+Extensions.swift in Sources */,
				333637E62A58786000B1DE15 /* SettingViewController.swift in Sources */,
				3315359329D5472500100006 /* UIView+Extensions.swift in Sources */,
				331534DC29D5446A00100006 /* SceneDelegate.swift in Sources */,
				33F461EF2A372083008A0DF6 /* BaseViewController.swift in Sources */,
				338C679529E3C060002474B9 /* CustomCaptureButton.swift in Sources */,
				3399E1D929D6922000DF8021 /* DetailImageCollectionViewCell.swift in Sources */,
				3315359129D5472500100006 /* IndicatorView.swift in Sources */,
				3315357B29D5472500100006 /* SettingViewModel.swift in Sources */,
				338AE90E2A4BFCB400892BD2 /* BaseExtensions.swift in Sources */,
				338AE90A2A4BE51E00892BD2 /* PHAsset+Extensions.swift in Sources */,
				330904162A3753FD00BCEB79 /* Toast.swift in Sources */,
				331034212A3F264000ECB040 /* HomeViewController.swift in Sources */,
				33F3D1922A0903370037CF6A /* Utilities.swift in Sources */,
				3399E1D529D6714100DF8021 /* ImageCollectionViewCell.swift in Sources */,
				339C19DC2A46170200A96764 /* UIImageView+Extensions.swift in Sources */,
				3315354A29D5471000100006 /* UserModel.swift in Sources */,
				3315354829D5471000100006 /* ConversationModel.swift in Sources */,
				33069F2229DC2DBA00617A00 /* PhotosCollectionViewCell.swift in Sources */,
				33F461EB2A371CC9008A0DF6 /* AuthFirebaseService.swift in Sources */,
				3315359229D5472500100006 /* UIViewController+Extensions.swift in Sources */,
				3309BC092A36AB59002D7034 /* ErrorTracker.swift in Sources */,
				336201692A65478D00251A91 /* AppObserver.swift in Sources */,
				3347D7A62A4831B400840655 /* BaseMessageTableViewCell.swift in Sources */,
				33C715852A4A78EE00353BF8 /* TappableLabel.swift in Sources */,
				338AE90C2A4BEA9300892BD2 /* Video.swift in Sources */,
				3315357829D5472500100006 /* UserDefaultManager.swift in Sources */,
				339365022A383801004EB336 /* OTPStackView.swift in Sources */,
				3315358129D5472500100006 /* SearchTableViewCell.swift in Sources */,
				3315358A29D5472500100006 /* IntroViewController.swift in Sources */,
				339365042A383836004EB336 /* OTPTextField.swift in Sources */,
			);
			runOnlyForDeploymentPostprocessing = 0;
		};
/* End PBXSourcesBuildPhase section */

/* Begin PBXVariantGroup section */
		331534DF29D5446A00100006 /* Main.storyboard */ = {
			isa = PBXVariantGroup;
			children = (
				331534E029D5446A00100006 /* Base */,
			);
			name = Main.storyboard;
			sourceTree = "<group>";
		};
		331534E429D5446B00100006 /* LaunchScreen.storyboard */ = {
			isa = PBXVariantGroup;
			children = (
				331534E529D5446B00100006 /* Base */,
			);
			name = LaunchScreen.storyboard;
			sourceTree = "<group>";
		};
/* End PBXVariantGroup section */

/* Begin XCBuildConfiguration section */
		331534E829D5446B00100006 /* Debug */ = {
			isa = XCBuildConfiguration;
			buildSettings = {
				ALWAYS_SEARCH_USER_PATHS = NO;
				CLANG_ANALYZER_NONNULL = YES;
				CLANG_ANALYZER_NUMBER_OBJECT_CONVERSION = YES_AGGRESSIVE;
				CLANG_CXX_LANGUAGE_STANDARD = "gnu++17";
				CLANG_CXX_LIBRARY = "libc++";
				CLANG_ENABLE_MODULES = YES;
				CLANG_ENABLE_OBJC_ARC = YES;
				CLANG_ENABLE_OBJC_WEAK = YES;
				CLANG_WARN_BLOCK_CAPTURE_AUTORELEASING = YES;
				CLANG_WARN_BOOL_CONVERSION = YES;
				CLANG_WARN_COMMA = YES;
				CLANG_WARN_CONSTANT_CONVERSION = YES;
				CLANG_WARN_DEPRECATED_OBJC_IMPLEMENTATIONS = YES;
				CLANG_WARN_DIRECT_OBJC_ISA_USAGE = YES_ERROR;
				CLANG_WARN_DOCUMENTATION_COMMENTS = YES;
				CLANG_WARN_EMPTY_BODY = YES;
				CLANG_WARN_ENUM_CONVERSION = YES;
				CLANG_WARN_INFINITE_RECURSION = YES;
				CLANG_WARN_INT_CONVERSION = YES;
				CLANG_WARN_NON_LITERAL_NULL_CONVERSION = YES;
				CLANG_WARN_OBJC_IMPLICIT_RETAIN_SELF = YES;
				CLANG_WARN_OBJC_LITERAL_CONVERSION = YES;
				CLANG_WARN_OBJC_ROOT_CLASS = YES_ERROR;
				CLANG_WARN_QUOTED_INCLUDE_IN_FRAMEWORK_HEADER = YES;
				CLANG_WARN_RANGE_LOOP_ANALYSIS = YES;
				CLANG_WARN_STRICT_PROTOTYPES = YES;
				CLANG_WARN_SUSPICIOUS_MOVE = YES;
				CLANG_WARN_UNGUARDED_AVAILABILITY = YES_AGGRESSIVE;
				CLANG_WARN_UNREACHABLE_CODE = YES;
				CLANG_WARN__DUPLICATE_METHOD_MATCH = YES;
				COPY_PHASE_STRIP = NO;
				DEBUG_INFORMATION_FORMAT = dwarf;
				ENABLE_STRICT_OBJC_MSGSEND = YES;
				ENABLE_TESTABILITY = YES;
				GCC_C_LANGUAGE_STANDARD = gnu11;
				GCC_DYNAMIC_NO_PIC = NO;
				GCC_NO_COMMON_BLOCKS = YES;
				GCC_OPTIMIZATION_LEVEL = 0;
				GCC_PREPROCESSOR_DEFINITIONS = (
					"DEBUG=1",
					"$(inherited)",
				);
				GCC_WARN_64_TO_32_BIT_CONVERSION = YES;
				GCC_WARN_ABOUT_RETURN_TYPE = YES_ERROR;
				GCC_WARN_UNDECLARED_SELECTOR = YES;
				GCC_WARN_UNINITIALIZED_AUTOS = YES_AGGRESSIVE;
				GCC_WARN_UNUSED_FUNCTION = YES;
				GCC_WARN_UNUSED_VARIABLE = YES;
				IPHONEOS_DEPLOYMENT_TARGET = 13.0;
				MTL_ENABLE_DEBUG_INFO = INCLUDE_SOURCE;
				MTL_FAST_MATH = YES;
				ONLY_ACTIVE_ARCH = YES;
				SDKROOT = iphoneos;
				SWIFT_ACTIVE_COMPILATION_CONDITIONS = DEBUG;
				SWIFT_OPTIMIZATION_LEVEL = "-Onone";
			};
			name = Debug;
		};
		331534E929D5446B00100006 /* Release */ = {
			isa = XCBuildConfiguration;
			buildSettings = {
				ALWAYS_SEARCH_USER_PATHS = NO;
				CLANG_ANALYZER_NONNULL = YES;
				CLANG_ANALYZER_NUMBER_OBJECT_CONVERSION = YES_AGGRESSIVE;
				CLANG_CXX_LANGUAGE_STANDARD = "gnu++17";
				CLANG_CXX_LIBRARY = "libc++";
				CLANG_ENABLE_MODULES = YES;
				CLANG_ENABLE_OBJC_ARC = YES;
				CLANG_ENABLE_OBJC_WEAK = YES;
				CLANG_WARN_BLOCK_CAPTURE_AUTORELEASING = YES;
				CLANG_WARN_BOOL_CONVERSION = YES;
				CLANG_WARN_COMMA = YES;
				CLANG_WARN_CONSTANT_CONVERSION = YES;
				CLANG_WARN_DEPRECATED_OBJC_IMPLEMENTATIONS = YES;
				CLANG_WARN_DIRECT_OBJC_ISA_USAGE = YES_ERROR;
				CLANG_WARN_DOCUMENTATION_COMMENTS = YES;
				CLANG_WARN_EMPTY_BODY = YES;
				CLANG_WARN_ENUM_CONVERSION = YES;
				CLANG_WARN_INFINITE_RECURSION = YES;
				CLANG_WARN_INT_CONVERSION = YES;
				CLANG_WARN_NON_LITERAL_NULL_CONVERSION = YES;
				CLANG_WARN_OBJC_IMPLICIT_RETAIN_SELF = YES;
				CLANG_WARN_OBJC_LITERAL_CONVERSION = YES;
				CLANG_WARN_OBJC_ROOT_CLASS = YES_ERROR;
				CLANG_WARN_QUOTED_INCLUDE_IN_FRAMEWORK_HEADER = YES;
				CLANG_WARN_RANGE_LOOP_ANALYSIS = YES;
				CLANG_WARN_STRICT_PROTOTYPES = YES;
				CLANG_WARN_SUSPICIOUS_MOVE = YES;
				CLANG_WARN_UNGUARDED_AVAILABILITY = YES_AGGRESSIVE;
				CLANG_WARN_UNREACHABLE_CODE = YES;
				CLANG_WARN__DUPLICATE_METHOD_MATCH = YES;
				COPY_PHASE_STRIP = NO;
				DEBUG_INFORMATION_FORMAT = "dwarf-with-dsym";
				ENABLE_NS_ASSERTIONS = NO;
				ENABLE_STRICT_OBJC_MSGSEND = YES;
				GCC_C_LANGUAGE_STANDARD = gnu11;
				GCC_NO_COMMON_BLOCKS = YES;
				GCC_WARN_64_TO_32_BIT_CONVERSION = YES;
				GCC_WARN_ABOUT_RETURN_TYPE = YES_ERROR;
				GCC_WARN_UNDECLARED_SELECTOR = YES;
				GCC_WARN_UNINITIALIZED_AUTOS = YES_AGGRESSIVE;
				GCC_WARN_UNUSED_FUNCTION = YES;
				GCC_WARN_UNUSED_VARIABLE = YES;
				IPHONEOS_DEPLOYMENT_TARGET = 13.0;
				MTL_ENABLE_DEBUG_INFO = NO;
				MTL_FAST_MATH = YES;
				SDKROOT = iphoneos;
				SWIFT_COMPILATION_MODE = wholemodule;
				SWIFT_OPTIMIZATION_LEVEL = "-O";
				VALIDATE_PRODUCT = YES;
			};
			name = Release;
		};
		331534EB29D5446B00100006 /* Debug */ = {
			isa = XCBuildConfiguration;
			baseConfigurationReference = 23C4C0D8A90128B324B08AB8 /* Pods-VideoChatApp.debug.xcconfig */;
			buildSettings = {
				ASSETCATALOG_COMPILER_APPICON_NAME = AppIcon;
				ASSETCATALOG_COMPILER_GLOBAL_ACCENT_COLOR_NAME = AccentColor;
				CODE_SIGN_ENTITLEMENTS = VideoChatApp/VideoChatApp.entitlements;
				CODE_SIGN_IDENTITY = "iPhone Developer";
				CODE_SIGN_STYLE = Manual;
				CURRENT_PROJECT_VERSION = 1;
				DEVELOPMENT_TEAM = JQH2B3Y9K7;
				ENABLE_BITCODE = NO;
				GENERATE_INFOPLIST_FILE = YES;
				INFOPLIST_FILE = VideoChatApp/Info.plist;
				INFOPLIST_KEY_NSCameraUsageDescription = "Please access camera!";
				INFOPLIST_KEY_NSMicrophoneUsageDescription = "Please acces Microphone!";
				INFOPLIST_KEY_NSPhotoLibraryUsageDescription = "Please access photos!";
				INFOPLIST_KEY_UIApplicationSupportsIndirectInputEvents = YES;
				INFOPLIST_KEY_UILaunchStoryboardName = LaunchScreen;
				INFOPLIST_KEY_UIMainStoryboardFile = Main;
				INFOPLIST_KEY_UISupportedInterfaceOrientations_iPad = "UIInterfaceOrientationPortrait UIInterfaceOrientationPortraitUpsideDown UIInterfaceOrientationLandscapeLeft UIInterfaceOrientationLandscapeRight";
				INFOPLIST_KEY_UISupportedInterfaceOrientations_iPhone = "UIInterfaceOrientationPortrait UIInterfaceOrientationLandscapeLeft UIInterfaceOrientationLandscapeRight";
				IPHONEOS_DEPLOYMENT_TARGET = 13.0;
				LD_RUNPATH_SEARCH_PATHS = (
					"$(inherited)",
					"@executable_path/Frameworks",
				);
				MARKETING_VERSION = 1.0;
				PRODUCT_BUNDLE_IDENTIFIER = medda.rtc.dev;
				PRODUCT_NAME = "$(TARGET_NAME)";
				PROVISIONING_PROFILE_SPECIFIER = Medda_RTC_DEV_Provisioning;
				SWIFT_EMIT_LOC_STRINGS = YES;
				SWIFT_VERSION = 5.0;
				TARGETED_DEVICE_FAMILY = "1,2";
			};
			name = Debug;
		};
		331534EC29D5446B00100006 /* Release */ = {
			isa = XCBuildConfiguration;
			baseConfigurationReference = 62FF8305E2210ECFEA311FC6 /* Pods-VideoChatApp.release.xcconfig */;
			buildSettings = {
				ASSETCATALOG_COMPILER_APPICON_NAME = AppIcon;
				ASSETCATALOG_COMPILER_GLOBAL_ACCENT_COLOR_NAME = AccentColor;
				CODE_SIGN_ENTITLEMENTS = VideoChatApp/VideoChatApp.entitlements;
				CODE_SIGN_IDENTITY = "iPhone Developer";
				CODE_SIGN_STYLE = Manual;
				CURRENT_PROJECT_VERSION = 1;
				DEVELOPMENT_TEAM = JQH2B3Y9K7;
				ENABLE_BITCODE = NO;
				GENERATE_INFOPLIST_FILE = YES;
				INFOPLIST_FILE = VideoChatApp/Info.plist;
				INFOPLIST_KEY_NSCameraUsageDescription = "Please access camera!";
				INFOPLIST_KEY_NSMicrophoneUsageDescription = "Please acces Microphone!";
				INFOPLIST_KEY_NSPhotoLibraryUsageDescription = "Please access photos!";
				INFOPLIST_KEY_UIApplicationSupportsIndirectInputEvents = YES;
				INFOPLIST_KEY_UILaunchStoryboardName = LaunchScreen;
				INFOPLIST_KEY_UIMainStoryboardFile = Main;
				INFOPLIST_KEY_UISupportedInterfaceOrientations_iPad = "UIInterfaceOrientationPortrait UIInterfaceOrientationPortraitUpsideDown UIInterfaceOrientationLandscapeLeft UIInterfaceOrientationLandscapeRight";
				INFOPLIST_KEY_UISupportedInterfaceOrientations_iPhone = "UIInterfaceOrientationPortrait UIInterfaceOrientationLandscapeLeft UIInterfaceOrientationLandscapeRight";
				IPHONEOS_DEPLOYMENT_TARGET = 13.0;
				LD_RUNPATH_SEARCH_PATHS = (
					"$(inherited)",
					"@executable_path/Frameworks",
				);
				MARKETING_VERSION = 1.0;
				PRODUCT_BUNDLE_IDENTIFIER = medda.rtc.dev;
				PRODUCT_NAME = "$(TARGET_NAME)";
				PROVISIONING_PROFILE_SPECIFIER = Medda_RTC_DEV_Provisioning;
				SWIFT_EMIT_LOC_STRINGS = YES;
				SWIFT_VERSION = 5.0;
				TARGETED_DEVICE_FAMILY = "1,2";
			};
			name = Release;
		};
/* End XCBuildConfiguration section */

/* Begin XCConfigurationList section */
		331534D129D5446A00100006 /* Build configuration list for PBXProject "VideoChatApp" */ = {
			isa = XCConfigurationList;
			buildConfigurations = (
				331534E829D5446B00100006 /* Debug */,
				331534E929D5446B00100006 /* Release */,
			);
			defaultConfigurationIsVisible = 0;
			defaultConfigurationName = Release;
		};
		331534EA29D5446B00100006 /* Build configuration list for PBXNativeTarget "VideoChatApp" */ = {
			isa = XCConfigurationList;
			buildConfigurations = (
				331534EB29D5446B00100006 /* Debug */,
				331534EC29D5446B00100006 /* Release */,
			);
			defaultConfigurationIsVisible = 0;
			defaultConfigurationName = Release;
		};
/* End XCConfigurationList section */
	};
	rootObject = 331534CE29D5446A00100006 /* Project object */;
}
